{
  "nodes": {
    "home": {
      "inputs": {
        "nixpkgs": [
          "nixpkgs"
        ]
      },
      "locked": {
        "lastModified": 1651519540,
        "narHash": "sha256-3k6p8VsTwwRPQjE8rrMh+o2AZACZn/eeYJ7ivdQ/Iro=",
        "owner": "nix-community",
        "repo": "home-manager",
        "rev": "d93d56ab8c1c6aa575854a79b9d2f69d491db7d0",
        "type": "github"
      },
      "original": {
        "owner": "nix-community",
        "ref": "release-21.11",
        "repo": "home-manager",
        "type": "github"
      }
    },
    "nixpkgs": {
      "locked": {
        "lastModified": 1652659998,
        "narHash": "sha256-FqNrXC1EE6U2RACwXBlsAvg1lqQGLYpuYb6+W3DL9vA=",
        "owner": "nixos",
        "repo": "nixpkgs",
        "rev": "1d7db1b9e4cf1ee075a9f52e5c36f7b9f4207502",
        "type": "github"
      },
      "original": {
        "owner": "nixos",
        "ref": "nixos-unstable",
        "repo": "nixpkgs",
        "type": "github"
      }
    },
    "nixvim": {
      "inputs": {
        "nixpkgs": [
          "nixpkgs"
        ],
        "nmdSrc": "nmdSrc"
      },
      "locked": {
        "lastModified": 1651658926,
        "narHash": "sha256-9vns64oXyJYzskvqZuvEHTnVZd0x6tXg72QUvVWNpxQ=",
        "ref": "main",
        "rev": "16523fa1fc36f7121722f0625d716d47efce051f",
        "revCount": 111,
        "type": "git",
        "url": "file:///home/pta2002/Projects/nixvim"
      },
      "original": {
        "type": "git",
        "url": "file:///home/pta2002/Projects/nixvim"
      }
    },
    "nmdSrc": {
      "flake": false,
      "locked": {
        "lastModified": 1637239786,
        "narHash": "sha256-l2KsnY537mz0blZdqALZKrWXn9PD39CpvotgPnxyIP4=",
        "owner": "rycee",
        "repo": "nmd",
        "rev": "527245ff605bde88c2dd2ddae21c6479bb7cf8aa",
        "type": "gitlab"
      },
      "original": {
        "owner": "rycee",
        "repo": "nmd",
        "type": "gitlab"
      }
    },
    "root": {
      "inputs": {
        "home": "home",
        "nixpkgs": "nixpkgs",
        "nixvim": "nixvim"
      }
    }
  },
  "root": "root",
  "version": 7
}
