{
  "nodes": {
    "home": {
      "inputs": {
        "nixpkgs": [
          "nixpkgs"
        ]
      },
      "locked": {
        "lastModified": 1649887911,
        "narHash": "sha256-Af0Ppb1RZ7HWuxUvF0/O7h3cy8tqU2eKFyVwyA1ZD+w=",
        "owner": "nix-community",
        "repo": "home-manager",
        "rev": "7244c6715cb8f741f3b3e1220a9279e97b2ed8f5",
        "type": "github"
      },
      "original": {
        "owner": "nix-community",
        "ref": "release-21.11",
        "repo": "home-manager",
        "type": "github"
      }
    },
    "nixpkgs": {
      "locked": {
        "lastModified": 1650076401,
        "narHash": "sha256-QGxadqKWICchuuLIF2QwmHPVaUk+qO33ml5p1wW4IyA=",
        "owner": "nixos",
        "repo": "nixpkgs",
        "rev": "75ad56bdc927f3a9f9e05e3c3614c4c1fcd99fcb",
        "type": "github"
      },
      "original": {
        "owner": "nixos",
        "ref": "nixos-unstable",
        "repo": "nixpkgs",
        "type": "github"
      }
    },
    "nixvim": {
      "inputs": {
        "nixpkgs": [
          "nixpkgs"
        ],
        "nmdSrc": "nmdSrc"
      },
      "locked": {
        "lastModified": 1642807323,
        "narHash": "sha256-S0/jSHA5OWWmdZ4zHNwlb9qOQwJho2wKM3E2AafA/40=",
        "ref": "main",
        "rev": "f534819885f4cf8a878f4411a5e72e807f135acf",
        "revCount": 108,
        "type": "git",
        "url": "file:///home/pta2002/Projects/nixvim"
      },
      "original": {
        "type": "git",
        "url": "file:///home/pta2002/Projects/nixvim"
      }
    },
    "nmdSrc": {
      "flake": false,
      "locked": {
        "lastModified": 1637239786,
        "narHash": "sha256-l2KsnY537mz0blZdqALZKrWXn9PD39CpvotgPnxyIP4=",
        "owner": "rycee",
        "repo": "nmd",
        "rev": "527245ff605bde88c2dd2ddae21c6479bb7cf8aa",
        "type": "gitlab"
      },
      "original": {
        "owner": "rycee",
        "repo": "nmd",
        "type": "gitlab"
      }
    },
    "root": {
      "inputs": {
        "home": "home",
        "nixpkgs": "nixpkgs",
        "nixvim": "nixvim"
      }
    }
  },
  "root": "root",
  "version": 7
}
